
Microsoft Visual Studio Solution File, Format Version 12.00
# Visual Studio Version 17
VisualStudioVersion = 17.8.34322.80
MinimumVisualStudioVersion = 10.0.40219.1
Project("{6EC3EE1D-3C4E-46DD-8F32-0CC8E7565705}") = "Day1", "Day1\Day1.fsproj", "{1F49FB35-8341-4A94-A933-9D51BDA2444D}"
EndProject
Project("{6EC3EE1D-3C4E-46DD-8F32-0CC8E7565705}") = "Day8", "Day8\Day8.fsproj", "{3E4F3B6E-5495-4811-AE88-A04E4D1BBC6D}"
EndProject
Global
	GlobalSection(SolutionConfigurationPlatforms) = preSolution
		Debug|Any CPU = Debug|Any CPU
		Release|Any CPU = Release|Any CPU
	EndGlobalSection
	GlobalSection(ProjectConfigurationPlatforms) = postSolution
		{1F49FB35-8341-4A94-A933-9D51BDA2444D}.Debug|Any CPU.ActiveCfg = Debug|Any CPU
		{1F49FB35-8341-4A94-A933-9D51BDA2444D}.Debug|Any CPU.Build.0 = Debug|Any CPU
		{1F49FB35-8341-4A94-A933-9D51BDA2444D}.Release|Any CPU.ActiveCfg = Release|Any CPU
		{1F49FB35-8341-4A94-A933-9D51BDA2444D}.Release|Any CPU.Build.0 = Release|Any CPU
		{3E4F3B6E-5495-4811-AE88-A04E4D1BBC6D}.Debug|Any CPU.ActiveCfg = Debug|Any CPU
		{3E4F3B6E-5495-4811-AE88-A04E4D1BBC6D}.Debug|Any CPU.Build.0 = Debug|Any CPU
		{3E4F3B6E-5495-4811-AE88-A04E4D1BBC6D}.Release|Any CPU.ActiveCfg = Release|Any CPU
		{3E4F3B6E-5495-4811-AE88-A04E4D1BBC6D}.Release|Any CPU.Build.0 = Release|Any CPU
	EndGlobalSection
	GlobalSection(SolutionProperties) = preSolution
		HideSolutionNode = FALSE
	EndGlobalSection
	GlobalSection(ExtensibilityGlobals) = postSolution
		SolutionGuid = {E4A13565-6C04-448A-AEBB-F55C2F2B92D4}
	EndGlobalSection
EndGlobal
